
Microsoft Visual Studio Solution File, Format Version 12.00
# Visual Studio Version 17
VisualStudioVersion = 17.2.32519.379
MinimumVisualStudioVersion = 10.0.40219.1
Project("{FAE04EC0-301F-11D3-BF4B-00C04F79EFBC}") = "QuiligottiFinal", "QuiligottiFinal.csproj", "{B6CC75EC-34A0-4024-9CFE-D9A5624EC58B}"
EndProject
Global
	GlobalSection(SolutionConfigurationPlatforms) = preSolution
		Debug|Any CPU = Debug|Any CPU
		Release|Any CPU = Release|Any CPU
	EndGlobalSection
	GlobalSection(ProjectConfigurationPlatforms) = postSolution
		{B6CC75EC-34A0-4024-9CFE-D9A5624EC58B}.Debug|Any CPU.ActiveCfg = Debug|Any CPU
		{B6CC75EC-34A0-4024-9CFE-D9A5624EC58B}.Debug|Any CPU.Build.0 = Debug|Any CPU
		{B6CC75EC-34A0-4024-9CFE-D9A5624EC58B}.Release|Any CPU.ActiveCfg = Release|Any CPU
		{B6CC75EC-34A0-4024-9CFE-D9A5624EC58B}.Release|Any CPU.Build.0 = Release|Any CPU
	EndGlobalSection
	GlobalSection(SolutionProperties) = preSolution
		HideSolutionNode = FALSE
	EndGlobalSection
	GlobalSection(ExtensibilityGlobals) = postSolution
		SolutionGuid = {B9068CD2-1878-4BA9-85FA-1DB38F763947}
	EndGlobalSection
EndGlobal
